// !$*UTF8*$!
{
	archiveVersion = 1;
	classes = {
	};
	objectVersion = 51;
	objects = {

/* Begin PBXBuildFile section */
		100E309824C74A4700D477C2 /* EventCell.swift in Sources */ = {isa = PBXBuildFile; fileRef = 100E309624C74A4700D477C2 /* EventCell.swift */; };
		100E309924C74A4700D477C2 /* EventCell.xib in Resources */ = {isa = PBXBuildFile; fileRef = 100E309724C74A4700D477C2 /* EventCell.xib */; };
		100E309B24C9046800D477C2 /* EventViewController.swift in Sources */ = {isa = PBXBuildFile; fileRef = 100E309A24C9046800D477C2 /* EventViewController.swift */; };
		101AA1E324BF8179001E6593 /* AppDelegate.swift in Sources */ = {isa = PBXBuildFile; fileRef = 101AA1E224BF8179001E6593 /* AppDelegate.swift */; };
		101AA1E524BF8179001E6593 /* SceneDelegate.swift in Sources */ = {isa = PBXBuildFile; fileRef = 101AA1E424BF8179001E6593 /* SceneDelegate.swift */; };
		101AA1EA24BF8179001E6593 /* Main.storyboard in Resources */ = {isa = PBXBuildFile; fileRef = 101AA1E824BF8179001E6593 /* Main.storyboard */; };
		101AA1EC24BF8180001E6593 /* Assets.xcassets in Resources */ = {isa = PBXBuildFile; fileRef = 101AA1EB24BF8180001E6593 /* Assets.xcassets */; };
		101AA1EF24BF8180001E6593 /* LaunchScreen.storyboard in Resources */ = {isa = PBXBuildFile; fileRef = 101AA1ED24BF8180001E6593 /* LaunchScreen.storyboard */; };
		101AA1FC24BF8710001E6593 /* WelcomeViewController.swift in Sources */ = {isa = PBXBuildFile; fileRef = 101AA1FB24BF8710001E6593 /* WelcomeViewController.swift */; };
		101AA1FE24BF8767001E6593 /* SignInViewController.swift in Sources */ = {isa = PBXBuildFile; fileRef = 101AA1FD24BF8767001E6593 /* SignInViewController.swift */; };
		101AA20024BF8782001E6593 /* SignUpViewController.swift in Sources */ = {isa = PBXBuildFile; fileRef = 101AA1FF24BF8782001E6593 /* SignUpViewController.swift */; };
		101AA20224BF957B001E6593 /* CalendarViewController.swift in Sources */ = {isa = PBXBuildFile; fileRef = 101AA20124BF957B001E6593 /* CalendarViewController.swift */; };
		1039906424C0E052006BA76B /* GoogleService-Info.plist in Resources */ = {isa = PBXBuildFile; fileRef = 1039906324C0E052006BA76B /* GoogleService-Info.plist */; };
		1039906624C24F71006BA76B /* DayEventsViewController.swift in Sources */ = {isa = PBXBuildFile; fileRef = 1039906524C24F71006BA76B /* DayEventsViewController.swift */; };
		108AAAA024C37B000020E34A /* CreateEventViewController.swift in Sources */ = {isa = PBXBuildFile; fileRef = 108AAA9F24C37B000020E34A /* CreateEventViewController.swift */; };
		108AAAA224C60C830020E34A /* Event.swift in Sources */ = {isa = PBXBuildFile; fileRef = 108AAAA124C60C830020E34A /* Event.swift */; };
		6E086365650FC7E82C9F923B /* Pods_MyNewPlanner.framework in Frameworks */ = {isa = PBXBuildFile; fileRef = BA3AD13C4816C2E812A2E0D6 /* Pods_MyNewPlanner.framework */; };
/* End PBXBuildFile section */

/* Begin PBXFileReference section */
		100E309624C74A4700D477C2 /* EventCell.swift */ = {isa = PBXFileReference; lastKnownFileType = sourcecode.swift; path = EventCell.swift; sourceTree = "<group>"; };
		100E309724C74A4700D477C2 /* EventCell.xib */ = {isa = PBXFileReference; lastKnownFileType = file.xib; path = EventCell.xib; sourceTree = "<group>"; };
		100E309A24C9046800D477C2 /* EventViewController.swift */ = {isa = PBXFileReference; lastKnownFileType = sourcecode.swift; path = EventViewController.swift; sourceTree = "<group>"; };
		101AA1DF24BF8179001E6593 /* MyNewPlanner.app */ = {isa = PBXFileReference; explicitFileType = wrapper.application; includeInIndex = 0; path = MyNewPlanner.app; sourceTree = BUILT_PRODUCTS_DIR; };
		101AA1E224BF8179001E6593 /* AppDelegate.swift */ = {isa = PBXFileReference; lastKnownFileType = sourcecode.swift; path = AppDelegate.swift; sourceTree = "<group>"; };
		101AA1E424BF8179001E6593 /* SceneDelegate.swift */ = {isa = PBXFileReference; lastKnownFileType = sourcecode.swift; path = SceneDelegate.swift; sourceTree = "<group>"; };
		101AA1E924BF8179001E6593 /* Base */ = {isa = PBXFileReference; lastKnownFileType = file.storyboard; name = Base; path = Base.lproj/Main.storyboard; sourceTree = "<group>"; };
		101AA1EB24BF8180001E6593 /* Assets.xcassets */ = {isa = PBXFileReference; lastKnownFileType = folder.assetcatalog; path = Assets.xcassets; sourceTree = "<group>"; };
		101AA1EE24BF8180001E6593 /* Base */ = {isa = PBXFileReference; lastKnownFileType = file.storyboard; name = Base; path = Base.lproj/LaunchScreen.storyboard; sourceTree = "<group>"; };
		101AA1F024BF8180001E6593 /* Info.plist */ = {isa = PBXFileReference; lastKnownFileType = text.plist.xml; path = Info.plist; sourceTree = "<group>"; };
		101AA1FB24BF8710001E6593 /* WelcomeViewController.swift */ = {isa = PBXFileReference; lastKnownFileType = sourcecode.swift; path = WelcomeViewController.swift; sourceTree = "<group>"; };
		101AA1FD24BF8767001E6593 /* SignInViewController.swift */ = {isa = PBXFileReference; lastKnownFileType = sourcecode.swift; path = SignInViewController.swift; sourceTree = "<group>"; };
		101AA1FF24BF8782001E6593 /* SignUpViewController.swift */ = {isa = PBXFileReference; lastKnownFileType = sourcecode.swift; path = SignUpViewController.swift; sourceTree = "<group>"; };
		101AA20124BF957B001E6593 /* CalendarViewController.swift */ = {isa = PBXFileReference; lastKnownFileType = sourcecode.swift; path = CalendarViewController.swift; sourceTree = "<group>"; };
		1039906324C0E052006BA76B /* GoogleService-Info.plist */ = {isa = PBXFileReference; fileEncoding = 4; lastKnownFileType = text.plist.xml; path = "GoogleService-Info.plist"; sourceTree = "<group>"; };
		1039906524C24F71006BA76B /* DayEventsViewController.swift */ = {isa = PBXFileReference; lastKnownFileType = sourcecode.swift; path = DayEventsViewController.swift; sourceTree = "<group>"; };
		108AAA9F24C37B000020E34A /* CreateEventViewController.swift */ = {isa = PBXFileReference; lastKnownFileType = sourcecode.swift; path = CreateEventViewController.swift; sourceTree = "<group>"; };
		108AAAA124C60C830020E34A /* Event.swift */ = {isa = PBXFileReference; lastKnownFileType = sourcecode.swift; path = Event.swift; sourceTree = "<group>"; };
		BA3AD13C4816C2E812A2E0D6 /* Pods_MyNewPlanner.framework */ = {isa = PBXFileReference; explicitFileType = wrapper.framework; includeInIndex = 0; path = Pods_MyNewPlanner.framework; sourceTree = BUILT_PRODUCTS_DIR; };
		D8C4DFBEECB69FD4B84F88ED /* Pods-MyNewPlanner.debug.xcconfig */ = {isa = PBXFileReference; includeInIndex = 1; lastKnownFileType = text.xcconfig; name = "Pods-MyNewPlanner.debug.xcconfig"; path = "Target Support Files/Pods-MyNewPlanner/Pods-MyNewPlanner.debug.xcconfig"; sourceTree = "<group>"; };
		E0533D83199A95DFD76F9FE3 /* Pods-MyNewPlanner.release.xcconfig */ = {isa = PBXFileReference; includeInIndex = 1; lastKnownFileType = text.xcconfig; name = "Pods-MyNewPlanner.release.xcconfig"; path = "Target Support Files/Pods-MyNewPlanner/Pods-MyNewPlanner.release.xcconfig"; sourceTree = "<group>"; };
/* End PBXFileReference section */

/* Begin PBXFrameworksBuildPhase section */
		101AA1DC24BF8179001E6593 /* Frameworks */ = {
			isa = PBXFrameworksBuildPhase;
			buildActionMask = 2147483647;
			files = (
				6E086365650FC7E82C9F923B /* Pods_MyNewPlanner.framework in Frameworks */,
			);
			runOnlyForDeploymentPostprocessing = 0;
		};
/* End PBXFrameworksBuildPhase section */

/* Begin PBXGroup section */
		101AA1D624BF8179001E6593 = {
			isa = PBXGroup;
			children = (
				101AA1E124BF8179001E6593 /* MyNewPlanner */,
				101AA1E024BF8179001E6593 /* Products */,
				E77B3D55128A5011398FC699 /* Pods */,
				9E3B8027135B8C759F3EBEC6 /* Frameworks */,
			);
			sourceTree = "<group>";
		};
		101AA1E024BF8179001E6593 /* Products */ = {
			isa = PBXGroup;
			children = (
				101AA1DF24BF8179001E6593 /* MyNewPlanner.app */,
			);
			name = Products;
			sourceTree = "<group>";
		};
		101AA1E124BF8179001E6593 /* MyNewPlanner */ = {
			isa = PBXGroup;
			children = (
				101AA1E224BF8179001E6593 /* AppDelegate.swift */,
				101AA1E424BF8179001E6593 /* SceneDelegate.swift */,
				101AA1EB24BF8180001E6593 /* Assets.xcassets */,
				101AA1E824BF8179001E6593 /* Main.storyboard */,
				100E309A24C9046800D477C2 /* EventViewController.swift */,
				108AAA9F24C37B000020E34A /* CreateEventViewController.swift */,
				100E309624C74A4700D477C2 /* EventCell.swift */,
				100E309724C74A4700D477C2 /* EventCell.xib */,
				1039906524C24F71006BA76B /* DayEventsViewController.swift */,
				101AA20124BF957B001E6593 /* CalendarViewController.swift */,
				101AA1FF24BF8782001E6593 /* SignUpViewController.swift */,
				108AAAA124C60C830020E34A /* Event.swift */,
				101AA1FD24BF8767001E6593 /* SignInViewController.swift */,
				101AA1FB24BF8710001E6593 /* WelcomeViewController.swift */,
				101AA1ED24BF8180001E6593 /* LaunchScreen.storyboard */,
				101AA1F024BF8180001E6593 /* Info.plist */,
				1039906324C0E052006BA76B /* GoogleService-Info.plist */,
			);
			path = MyNewPlanner;
			sourceTree = "<group>";
		};
		9E3B8027135B8C759F3EBEC6 /* Frameworks */ = {
			isa = PBXGroup;
			children = (
				BA3AD13C4816C2E812A2E0D6 /* Pods_MyNewPlanner.framework */,
			);
			name = Frameworks;
			sourceTree = "<group>";
		};
		E77B3D55128A5011398FC699 /* Pods */ = {
			isa = PBXGroup;
			children = (
				D8C4DFBEECB69FD4B84F88ED /* Pods-MyNewPlanner.debug.xcconfig */,
				E0533D83199A95DFD76F9FE3 /* Pods-MyNewPlanner.release.xcconfig */,
			);
			path = Pods;
			sourceTree = "<group>";
		};
/* End PBXGroup section */

/* Begin PBXNativeTarget section */
		101AA1DE24BF8179001E6593 /* MyNewPlanner */ = {
			isa = PBXNativeTarget;
			buildConfigurationList = 101AA1F324BF8180001E6593 /* Build configuration list for PBXNativeTarget "MyNewPlanner" */;
			buildPhases = (
				E33461C2168E29BBCCC23E2B /* [CP] Check Pods Manifest.lock */,
				101AA1DB24BF8179001E6593 /* Sources */,
				101AA1DC24BF8179001E6593 /* Frameworks */,
				101AA1DD24BF8179001E6593 /* Resources */,
				5B44657D04F8DE95E63DBFB3 /* [CP] Embed Pods Frameworks */,
			);
			buildRules = (
			);
			dependencies = (
			);
			name = MyNewPlanner;
			productName = MyNewPlanner;
			productReference = 101AA1DF24BF8179001E6593 /* MyNewPlanner.app */;
			productType = "com.apple.product-type.application";
		};
/* End PBXNativeTarget section */

/* Begin PBXProject section */
		101AA1D724BF8179001E6593 /* Project object */ = {
			isa = PBXProject;
			attributes = {
				LastSwiftUpdateCheck = 1150;
				LastUpgradeCheck = 1150;
				ORGANIZATIONNAME = "james beighley";
				TargetAttributes = {
					101AA1DE24BF8179001E6593 = {
						CreatedOnToolsVersion = 11.5;
					};
				};
			};
			buildConfigurationList = 101AA1DA24BF8179001E6593 /* Build configuration list for PBXProject "MyNewPlanner" */;
			compatibilityVersion = "Xcode 9.3";
			developmentRegion = en;
			hasScannedForEncodings = 0;
			knownRegions = (
				en,
				Base,
			);
			mainGroup = 101AA1D624BF8179001E6593;
			productRefGroup = 101AA1E024BF8179001E6593 /* Products */;
			projectDirPath = "";
			projectRoot = "";
			targets = (
				101AA1DE24BF8179001E6593 /* MyNewPlanner */,
			);
		};
/* End PBXProject section */

/* Begin PBXResourcesBuildPhase section */
		101AA1DD24BF8179001E6593 /* Resources */ = {
			isa = PBXResourcesBuildPhase;
			buildActionMask = 2147483647;
			files = (
				101AA1EF24BF8180001E6593 /* LaunchScreen.storyboard in Resources */,
				1039906424C0E052006BA76B /* GoogleService-Info.plist in Resources */,
				101AA1EC24BF8180001E6593 /* Assets.xcassets in Resources */,
				100E309924C74A4700D477C2 /* EventCell.xib in Resources */,
				101AA1EA24BF8179001E6593 /* Main.storyboard in Resources */,
			);
			runOnlyForDeploymentPostprocessing = 0;
		};
/* End PBXResourcesBuildPhase section */

/* Begin PBXShellScriptBuildPhase section */
		5B44657D04F8DE95E63DBFB3 /* [CP] Embed Pods Frameworks */ = {
			isa = PBXShellScriptBuildPhase;
			buildActionMask = 2147483647;
			files = (
			);
			inputFileListPaths = (
				"${PODS_ROOT}/Target Support Files/Pods-MyNewPlanner/Pods-MyNewPlanner-frameworks-${CONFIGURATION}-input-files.xcfilelist",
			);
			name = "[CP] Embed Pods Frameworks";
			outputFileListPaths = (
				"${PODS_ROOT}/Target Support Files/Pods-MyNewPlanner/Pods-MyNewPlanner-frameworks-${CONFIGURATION}-output-files.xcfilelist",
			);
			runOnlyForDeploymentPostprocessing = 0;
			shellPath = /bin/sh;
			shellScript = "\"${PODS_ROOT}/Target Support Files/Pods-MyNewPlanner/Pods-MyNewPlanner-frameworks.sh\"\n";
			showEnvVarsInLog = 0;
		};
		E33461C2168E29BBCCC23E2B /* [CP] Check Pods Manifest.lock */ = {
			isa = PBXShellScriptBuildPhase;
			buildActionMask = 2147483647;
			files = (
			);
			inputFileListPaths = (
			);
			inputPaths = (
				"${PODS_PODFILE_DIR_PATH}/Podfile.lock",
				"${PODS_ROOT}/Manifest.lock",
			);
			name = "[CP] Check Pods Manifest.lock";
			outputFileListPaths = (
			);
			outputPaths = (
				"$(DERIVED_FILE_DIR)/Pods-MyNewPlanner-checkManifestLockResult.txt",
			);
			runOnlyForDeploymentPostprocessing = 0;
			shellPath = /bin/sh;
			shellScript = "diff \"${PODS_PODFILE_DIR_PATH}/Podfile.lock\" \"${PODS_ROOT}/Manifest.lock\" > /dev/null\nif [ $? != 0 ] ; then\n    # print error to STDERR\n    echo \"error: The sandbox is not in sync with the Podfile.lock. Run 'pod install' or update your CocoaPods installation.\" >&2\n    exit 1\nfi\n# This output is used by Xcode 'outputs' to avoid re-running this script phase.\necho \"SUCCESS\" > \"${SCRIPT_OUTPUT_FILE_0}\"\n";
			showEnvVarsInLog = 0;
		};
/* End PBXShellScriptBuildPhase section */

/* Begin PBXSourcesBuildPhase section */
		101AA1DB24BF8179001E6593 /* Sources */ = {
			isa = PBXSourcesBuildPhase;
			buildActionMask = 2147483647;
			files = (
				101AA20224BF957B001E6593 /* CalendarViewController.swift in Sources */,
				100E309B24C9046800D477C2 /* EventViewController.swift in Sources */,
				108AAAA224C60C830020E34A /* Event.swift in Sources */,
				100E309824C74A4700D477C2 /* EventCell.swift in Sources */,
				101AA1FE24BF8767001E6593 /* SignInViewController.swift in Sources */,
				101AA1FC24BF8710001E6593 /* WelcomeViewController.swift in Sources */,
				101AA1E324BF8179001E6593 /* AppDelegate.swift in Sources */,
				1039906624C24F71006BA76B /* DayEventsViewController.swift in Sources */,
				101AA1E524BF8179001E6593 /* SceneDelegate.swift in Sources */,
				101AA20024BF8782001E6593 /* SignUpViewController.swift in Sources */,
				108AAAA024C37B000020E34A /* CreateEventViewController.swift in Sources */,
			);
			runOnlyForDeploymentPostprocessing = 0;
		};
/* End PBXSourcesBuildPhase section */

/* Begin PBXVariantGroup section */
		101AA1E824BF8179001E6593 /* Main.storyboard */ = {
			isa = PBXVariantGroup;
			children = (
				101AA1E924BF8179001E6593 /* Base */,
			);
			name = Main.storyboard;
			sourceTree = "<group>";
		};
		101AA1ED24BF8180001E6593 /* LaunchScreen.storyboard */ = {
			isa = PBXVariantGroup;
			children = (
				101AA1EE24BF8180001E6593 /* Base */,
			);
			name = LaunchScreen.storyboard;
			sourceTree = "<group>";
		};
/* End PBXVariantGroup section */

/* Begin XCBuildConfiguration section */
		101AA1F124BF8180001E6593 /* Debug */ = {
			isa = XCBuildConfiguration;
			buildSettings = {
				ALWAYS_SEARCH_USER_PATHS = NO;
				CLANG_ANALYZER_NONNULL = YES;
				CLANG_ANALYZER_NUMBER_OBJECT_CONVERSION = YES_AGGRESSIVE;
				CLANG_CXX_LANGUAGE_STANDARD = "gnu++14";
				CLANG_CXX_LIBRARY = "libc++";
				CLANG_ENABLE_MODULES = YES;
				CLANG_ENABLE_OBJC_ARC = YES;
				CLANG_ENABLE_OBJC_WEAK = YES;
				CLANG_WARN_BLOCK_CAPTURE_AUTORELEASING = YES;
				CLANG_WARN_BOOL_CONVERSION = YES;
				CLANG_WARN_COMMA = YES;
				CLANG_WARN_CONSTANT_CONVERSION = YES;
				CLANG_WARN_DEPRECATED_OBJC_IMPLEMENTATIONS = YES;
				CLANG_WARN_DIRECT_OBJC_ISA_USAGE = YES_ERROR;
				CLANG_WARN_DOCUMENTATION_COMMENTS = YES;
				CLANG_WARN_EMPTY_BODY = YES;
				CLANG_WARN_ENUM_CONVERSION = YES;
				CLANG_WARN_INFINITE_RECURSION = YES;
				CLANG_WARN_INT_CONVERSION = YES;
				CLANG_WARN_NON_LITERAL_NULL_CONVERSION = YES;
				CLANG_WARN_OBJC_IMPLICIT_RETAIN_SELF = YES;
				CLANG_WARN_OBJC_LITERAL_CONVERSION = YES;
				CLANG_WARN_OBJC_ROOT_CLASS = YES_ERROR;
				CLANG_WARN_RANGE_LOOP_ANALYSIS = YES;
				CLANG_WARN_STRICT_PROTOTYPES = YES;
				CLANG_WARN_SUSPICIOUS_MOVE = YES;
				CLANG_WARN_UNGUARDED_AVAILABILITY = YES_AGGRESSIVE;
				CLANG_WARN_UNREACHABLE_CODE = YES;
				CLANG_WARN__DUPLICATE_METHOD_MATCH = YES;
				COPY_PHASE_STRIP = NO;
				DEBUG_INFORMATION_FORMAT = dwarf;
				ENABLE_STRICT_OBJC_MSGSEND = YES;
				ENABLE_TESTABILITY = YES;
				GCC_C_LANGUAGE_STANDARD = gnu11;
				GCC_DYNAMIC_NO_PIC = NO;
				GCC_NO_COMMON_BLOCKS = YES;
				GCC_OPTIMIZATION_LEVEL = 0;
				GCC_PREPROCESSOR_DEFINITIONS = (
					"DEBUG=1",
					"$(inherited)",
				);
				GCC_WARN_64_TO_32_BIT_CONVERSION = YES;
				GCC_WARN_ABOUT_RETURN_TYPE = YES_ERROR;
				GCC_WARN_UNDECLARED_SELECTOR = YES;
				GCC_WARN_UNINITIALIZED_AUTOS = YES_AGGRESSIVE;
				GCC_WARN_UNUSED_FUNCTION = YES;
				GCC_WARN_UNUSED_VARIABLE = YES;
				IPHONEOS_DEPLOYMENT_TARGET = 13.5;
				MTL_ENABLE_DEBUG_INFO = INCLUDE_SOURCE;
				MTL_FAST_MATH = YES;
				ONLY_ACTIVE_ARCH = YES;
				SDKROOT = iphoneos;
				SWIFT_ACTIVE_COMPILATION_CONDITIONS = DEBUG;
				SWIFT_OPTIMIZATION_LEVEL = "-Onone";
			};
			name = Debug;
		};
		101AA1F224BF8180001E6593 /* Release */ = {
			isa = XCBuildConfiguration;
			buildSettings = {
				ALWAYS_SEARCH_USER_PATHS = NO;
				CLANG_ANALYZER_NONNULL = YES;
				CLANG_ANALYZER_NUMBER_OBJECT_CONVERSION = YES_AGGRESSIVE;
				CLANG_CXX_LANGUAGE_STANDARD = "gnu++14";
				CLANG_CXX_LIBRARY = "libc++";
				CLANG_ENABLE_MODULES = YES;
				CLANG_ENABLE_OBJC_ARC = YES;
				CLANG_ENABLE_OBJC_WEAK = YES;
				CLANG_WARN_BLOCK_CAPTURE_AUTORELEASING = YES;
				CLANG_WARN_BOOL_CONVERSION = YES;
				CLANG_WARN_COMMA = YES;
				CLANG_WARN_CONSTANT_CONVERSION = YES;
				CLANG_WARN_DEPRECATED_OBJC_IMPLEMENTATIONS = YES;
				CLANG_WARN_DIRECT_OBJC_ISA_USAGE = YES_ERROR;
				CLANG_WARN_DOCUMENTATION_COMMENTS = YES;
				CLANG_WARN_EMPTY_BODY = YES;
				CLANG_WARN_ENUM_CONVERSION = YES;
				CLANG_WARN_INFINITE_RECURSION = YES;
				CLANG_WARN_INT_CONVERSION = YES;
				CLANG_WARN_NON_LITERAL_NULL_CONVERSION = YES;
				CLANG_WARN_OBJC_IMPLICIT_RETAIN_SELF = YES;
				CLANG_WARN_OBJC_LITERAL_CONVERSION = YES;
				CLANG_WARN_OBJC_ROOT_CLASS = YES_ERROR;
				CLANG_WARN_RANGE_LOOP_ANALYSIS = YES;
				CLANG_WARN_STRICT_PROTOTYPES = YES;
				CLANG_WARN_SUSPICIOUS_MOVE = YES;
				CLANG_WARN_UNGUARDED_AVAILABILITY = YES_AGGRESSIVE;
				CLANG_WARN_UNREACHABLE_CODE = YES;
				CLANG_WARN__DUPLICATE_METHOD_MATCH = YES;
				COPY_PHASE_STRIP = NO;
				DEBUG_INFORMATION_FORMAT = "dwarf-with-dsym";
				ENABLE_NS_ASSERTIONS = NO;
				ENABLE_STRICT_OBJC_MSGSEND = YES;
				GCC_C_LANGUAGE_STANDARD = gnu11;
				GCC_NO_COMMON_BLOCKS = YES;
				GCC_WARN_64_TO_32_BIT_CONVERSION = YES;
				GCC_WARN_ABOUT_RETURN_TYPE = YES_ERROR;
				GCC_WARN_UNDECLARED_SELECTOR = YES;
				GCC_WARN_UNINITIALIZED_AUTOS = YES_AGGRESSIVE;
				GCC_WARN_UNUSED_FUNCTION = YES;
				GCC_WARN_UNUSED_VARIABLE = YES;
				IPHONEOS_DEPLOYMENT_TARGET = 13.5;
				MTL_ENABLE_DEBUG_INFO = NO;
				MTL_FAST_MATH = YES;
				SDKROOT = iphoneos;
				SWIFT_COMPILATION_MODE = wholemodule;
				SWIFT_OPTIMIZATION_LEVEL = "-O";
				VALIDATE_PRODUCT = YES;
			};
			name = Release;
		};
		101AA1F424BF8180001E6593 /* Debug */ = {
			isa = XCBuildConfiguration;
			baseConfigurationReference = D8C4DFBEECB69FD4B84F88ED /* Pods-MyNewPlanner.debug.xcconfig */;
			buildSettings = {
				ASSETCATALOG_COMPILER_APPICON_NAME = AppIcon;
				CODE_SIGN_STYLE = Automatic;
				DEVELOPMENT_TEAM = 5ZAN5RHB49;
				INFOPLIST_FILE = MyNewPlanner/Info.plist;
				LD_RUNPATH_SEARCH_PATHS = (
					"$(inherited)",
					"@executable_path/Frameworks",
				);
				PRODUCT_BUNDLE_IDENTIFIER = com.jamesbeighley.MyNewPlanner;
				PRODUCT_NAME = "$(TARGET_NAME)";
				SWIFT_VERSION = 5.0;
				TARGETED_DEVICE_FAMILY = 1;
			};
			name = Debug;
		};
		101AA1F524BF8180001E6593 /* Release */ = {
			isa = XCBuildConfiguration;
			baseConfigurationReference = E0533D83199A95DFD76F9FE3 /* Pods-MyNewPlanner.release.xcconfig */;
			buildSettings = {
				ASSETCATALOG_COMPILER_APPICON_NAME = AppIcon;
				CODE_SIGN_STYLE = Automatic;
				DEVELOPMENT_TEAM = 5ZAN5RHB49;
				INFOPLIST_FILE = MyNewPlanner/Info.plist;
				LD_RUNPATH_SEARCH_PATHS = (
					"$(inherited)",
					"@executable_path/Frameworks",
				);
				PRODUCT_BUNDLE_IDENTIFIER = com.jamesbeighley.MyNewPlanner;
				PRODUCT_NAME = "$(TARGET_NAME)";
				SWIFT_VERSION = 5.0;
				TARGETED_DEVICE_FAMILY = 1;
			};
			name = Release;
		};
/* End XCBuildConfiguration section */

/* Begin XCConfigurationList section */
		101AA1DA24BF8179001E6593 /* Build configuration list for PBXProject "MyNewPlanner" */ = {
			isa = XCConfigurationList;
			buildConfigurations = (
				101AA1F124BF8180001E6593 /* Debug */,
				101AA1F224BF8180001E6593 /* Release */,
			);
			defaultConfigurationIsVisible = 0;
			defaultConfigurationName = Release;
		};
		101AA1F324BF8180001E6593 /* Build configuration list for PBXNativeTarget "MyNewPlanner" */ = {
			isa = XCConfigurationList;
			buildConfigurations = (
				101AA1F424BF8180001E6593 /* Debug */,
				101AA1F524BF8180001E6593 /* Release */,
			);
			defaultConfigurationIsVisible = 0;
			defaultConfigurationName = Release;
		};
/* End XCConfigurationList section */
	};
	rootObject = 101AA1D724BF8179001E6593 /* Project object */;
}
